
Microsoft Visual Studio Solution File, Format Version 12.00
# Visual Studio 15
VisualStudioVersion = 15.0.28010.2026
MinimumVisualStudioVersion = 10.0.40219.1
Project("{8BC9CEB8-8B4A-11D0-8D11-00A0C91BC942}") = "semaphore", "semaphore\semaphore.vcxproj", "{2B4A77F0-5135-4CA1-8C44-6C5B60675686}"
EndProject
Global
	GlobalSection(SolutionConfigurationPlatforms) = preSolution
		Debug|x64 = Debug|x64
		Debug|x86 = Debug|x86
		Release|x64 = Release|x64
		Release|x86 = Release|x86
	EndGlobalSection
	GlobalSection(ProjectConfigurationPlatforms) = postSolution
		{2B4A77F0-5135-4CA1-8C44-6C5B60675686}.Debug|x64.ActiveCfg = Debug|x64
		{2B4A77F0-5135-4CA1-8C44-6C5B60675686}.Debug|x64.Build.0 = Debug|x64
		{2B4A77F0-5135-4CA1-8C44-6C5B60675686}.Debug|x86.ActiveCfg = Debug|Win32
		{2B4A77F0-5135-4CA1-8C44-6C5B60675686}.Debug|x86.Build.0 = Debug|Win32
		{2B4A77F0-5135-4CA1-8C44-6C5B60675686}.Release|x64.ActiveCfg = Release|x64
		{2B4A77F0-5135-4CA1-8C44-6C5B60675686}.Release|x64.Build.0 = Release|x64
		{2B4A77F0-5135-4CA1-8C44-6C5B60675686}.Release|x86.ActiveCfg = Release|Win32
		{2B4A77F0-5135-4CA1-8C44-6C5B60675686}.Release|x86.Build.0 = Release|Win32
	EndGlobalSection
	GlobalSection(SolutionProperties) = preSolution
		HideSolutionNode = FALSE
	EndGlobalSection
	GlobalSection(ExtensibilityGlobals) = postSolution
		SolutionGuid = {B2F3A8BD-6824-49C2-BA12-542B48ADF5D4}
	EndGlobalSection
EndGlobal
